{"filter":false,"title":"Gemfile.lock","tooltip":"/Gemfile.lock","undoManager":{"mark":1,"position":1,"stack":[[{"start":{"row":2,"column":8},"end":{"row":30,"column":33},"action":"insert","lines":["","    ast (2.4.2)","    json (2.7.2)","    language_server-protocol (3.17.0.3)","    parallel (1.26.3)","    parser (3.3.4.2)","      ast (~> 2.4.1)","      racc","    racc (1.8.1)","    rainbow (3.1.1)","    regexp_parser (2.9.2)","    rexml (3.3.5)","      strscan","    rubocop (1.65.1)","      json (~> 2.3)","      language_server-protocol (>= 3.17.0)","      parallel (~> 1.10)","      parser (>= 3.3.0.2)","      rainbow (>= 2.2.2, < 4.0)","      regexp_parser (>= 2.4, < 3.0)","      rexml (>= 3.2.5, < 4.0)","      rubocop-ast (>= 1.31.1, < 2.0)","      ruby-progressbar (~> 1.7)","      unicode-display_width (>= 2.4.0, < 3.0)","    rubocop-ast (1.32.1)","      parser (>= 3.3.1.0)","    ruby-progressbar (1.13.0)","    strscan (3.1.0)","    unicode-display_width (2.5.0)"],"id":2,"ignore":true},{"start":{"row":36,"column":12},"end":{"row":37,"column":9},"action":"insert","lines":["","  rubocop"]},{"start":{"row":40,"column":5},"end":{"row":40,"column":6},"action":"remove","lines":["5"]},{"start":{"row":40,"column":5},"end":{"row":40,"column":6},"action":"insert","lines":["4"]},{"start":{"row":40,"column":8},"end":{"row":40,"column":9},"action":"remove","lines":["1"]},{"start":{"row":40,"column":8},"end":{"row":40,"column":9},"action":"insert","lines":["0"]}],[{"start":{"row":37,"column":9},"end":{"row":37,"column":19},"action":"insert","lines":[" (~> 1.65)"],"id":3,"ignore":true}]]},"ace":{"folds":[],"scrolltop":0,"scrollleft":0,"selection":{"start":{"row":0,"column":0},"end":{"row":0,"column":0},"isBackwards":false},"options":{"guessTabSize":true,"useWrapMode":false,"wrapToView":true},"firstLineState":0},"timestamp":1724268717867,"hash":"dfbb523d1b01e89cd50765e8b55dae6e21f00f82"}